
Microsoft Visual Studio Solution File, Format Version 12.00
# Visual Studio Version 17
VisualStudioVersion = 17.6.33815.320
MinimumVisualStudioVersion = 10.0.40219.1
Project("{FAE04EC0-301F-11D3-BF4B-00C04F79EFBC}") = "exceptions", "exceptions\exceptions.csproj", "{39974718-1C91-45EB-B8E0-568930988D00}"
EndProject
Global
	GlobalSection(SolutionConfigurationPlatforms) = preSolution
		Debug|Any CPU = Debug|Any CPU
		Release|Any CPU = Release|Any CPU
	EndGlobalSection
	GlobalSection(ProjectConfigurationPlatforms) = postSolution
		{39974718-1C91-45EB-B8E0-568930988D00}.Debug|Any CPU.ActiveCfg = Debug|Any CPU
		{39974718-1C91-45EB-B8E0-568930988D00}.Debug|Any CPU.Build.0 = Debug|Any CPU
		{39974718-1C91-45EB-B8E0-568930988D00}.Release|Any CPU.ActiveCfg = Release|Any CPU
		{39974718-1C91-45EB-B8E0-568930988D00}.Release|Any CPU.Build.0 = Release|Any CPU
	EndGlobalSection
	GlobalSection(SolutionProperties) = preSolution
		HideSolutionNode = FALSE
	EndGlobalSection
	GlobalSection(ExtensibilityGlobals) = postSolution
		SolutionGuid = {1B146EB5-F4AF-4E22-910F-3EE53AF07B30}
	EndGlobalSection
EndGlobal
